
Microsoft Visual Studio Solution File, Format Version 12.00
# Visual Studio Version 16
VisualStudioVersion = 16.0.31424.327
MinimumVisualStudioVersion = 10.0.40219.1
Project("{FAE04EC0-301F-11D3-BF4B-00C04F79EFBC}") = "ButtonTraining", "ButtonTraining\ButtonTraining.csproj", "{F6554F3E-1197-4F61-8CDC-84BD103B7283}"
EndProject
Global
	GlobalSection(SolutionConfigurationPlatforms) = preSolution
		Debug|Any CPU = Debug|Any CPU
		Release|Any CPU = Release|Any CPU
	EndGlobalSection
	GlobalSection(ProjectConfigurationPlatforms) = postSolution
		{F6554F3E-1197-4F61-8CDC-84BD103B7283}.Debug|Any CPU.ActiveCfg = Debug|Any CPU
		{F6554F3E-1197-4F61-8CDC-84BD103B7283}.Debug|Any CPU.Build.0 = Debug|Any CPU
		{F6554F3E-1197-4F61-8CDC-84BD103B7283}.Release|Any CPU.ActiveCfg = Release|Any CPU
		{F6554F3E-1197-4F61-8CDC-84BD103B7283}.Release|Any CPU.Build.0 = Release|Any CPU
	EndGlobalSection
	GlobalSection(SolutionProperties) = preSolution
		HideSolutionNode = FALSE
	EndGlobalSection
	GlobalSection(ExtensibilityGlobals) = postSolution
		SolutionGuid = {02121E13-51DA-4B60-B57C-434F8A8F691E}
	EndGlobalSection
EndGlobal
